<?xml version="1.0" encoding="UTF-8"?>
<!DOCTYPE plist PUBLIC "-//Apple//DTD PLIST 1.0//EN" "http://www.apple.com/DTDs/PropertyList-1.0.dtd">
<plist version="1.0">
<dict>
	<key>archiveVersion</key>
	<string>1</string>
	<key>classes</key>
	<dict/>
	<key>objectVersion</key>
	<string>46</string>
	<key>objects</key>
	<dict>
		<key>03E364444A177AC57E51A079</key>
		<dict>
			<key>isa</key>
			<string>PBXFileReference</string>
			<key>lastKnownFileType</key>
			<string>wrapper.framework</string>
			<key>name</key>
			<string>CoreText.framework</string>
			<key>path</key>
			<string>System/Library/Frameworks/CoreText.framework</string>
			<key>sourceTree</key>
			<string>SDKROOT</string>
		</dict>
		<key>21BF30D6542CCFBD9C6F3EEF</key>
		<dict>
			<key>fileRef</key>
			<string>428D90E62C178830717273B2</string>
			<key>isa</key>
			<string>PBXBuildFile</string>
		</dict>
		<key>2B92EB096B91C3D259B0E33C</key>
		<dict>
			<key>fileRef</key>
			<string>03E364444A177AC57E51A079</string>
			<key>isa</key>
			<string>PBXBuildFile</string>
		</dict>
		<key>3B7EAFA42D7BACD304A81387</key>
		<dict>
			<key>children</key>
			<array>
				<string>8A80913B8AFE975E7FE1D6FC</string>
				<string>428D90E62C178830717273B2</string>
				<string>40A30391057A9EF636AD522F</string>
				<string>92F328C9F66CD8AB051918F4</string>
				<string>03E364444A177AC57E51A079</string>
				<string>B0B80DCF5487CA7FA583E712</string>
				<string>96D90ECAC74BEE3356ABCE3F</string>
				<string>E75D04A24D1073E8C00AC3EB</string>
			</array>
			<key>isa</key>
			<string>PBXGroup</string>
			<key>name</key>
			<string>Frameworks</string>
			<key>sourceTree</key>
			<string>&lt;group&gt;</string>
		</dict>
		<key>40A30391057A9EF636AD522F</key>
		<dict>
			<key>isa</key>
			<string>PBXFileReference</string>
			<key>lastKnownFileType</key>
			<string>wrapper.framework</string>
			<key>name</key>
			<string>BuddyBuildSDK.framework</string>
			<key>path</key>
			<string>BuddyBuildSDK.framework</string>
			<key>sourceTree</key>
			<string>&lt;group&gt;</string>
		</dict>
		<key>428D90E62C178830717273B2</key>
		<dict>
			<key>explicitFileType</key>
			<string>wrapper.framework</string>
			<key>includeInIndex</key>
			<string>0</string>
			<key>isa</key>
			<string>PBXFileReference</string>
			<key>path</key>
			<string>Pods.framework</string>
			<key>sourceTree</key>
			<string>BUILT_PRODUCTS_DIR</string>
		</dict>
		<key>47BCC53109769933F1F32B26</key>
		<dict>
			<key>fileRef</key>
			<string>92F328C9F66CD8AB051918F4</string>
			<key>isa</key>
			<string>PBXBuildFile</string>
		</dict>
		<key>4DC222442A3B7D1680D430F4</key>
		<dict>
			<key>buildActionMask</key>
			<string>2147483647</string>
			<key>files</key>
			<array/>
			<key>inputPaths</key>
			<array/>
			<key>isa</key>
			<string>PBXShellScriptBuildPhase</string>
			<key>name</key>
			<string>Check Pods Manifest.lock</string>
			<key>outputPaths</key>
			<array/>
			<key>runOnlyForDeploymentPostprocessing</key>
			<string>0</string>
			<key>shellPath</key>
			<string>/bin/sh</string>
			<key>shellScript</key>
			<string>diff "${PODS_ROOT}/../Podfile.lock" "${PODS_ROOT}/Manifest.lock" &gt; /dev/null
if [[ $? != 0 ]] ; then
    cat &lt;&lt; EOM
error: The sandbox is not in sync with the Podfile.lock. Run 'pod install' or update your CocoaPods installation.
EOM
    exit 1
fi
</string>
			<key>showEnvVarsInLog</key>
			<string>0</string>
		</dict>
		<key>68489F6C1CAD9B0D00360E1C</key>
		<dict>
			<key>children</key>
			<array>
				<string>68489F6D1CAD9B2B00360E1C</string>
				<string>68489F6F1CAD9CB600360E1C</string>
				<string>68489F711CADA11900360E1C</string>
			</array>
			<key>isa</key>
			<string>PBXGroup</string>
			<key>name</key>
			<string>BaseViews</string>
			<key>sourceTree</key>
			<string>&lt;group&gt;</string>
		</dict>
		<key>68489F6D1CAD9B2B00360E1C</key>
		<dict>
			<key>fileEncoding</key>
			<string>4</string>
			<key>isa</key>
			<string>PBXFileReference</string>
			<key>lastKnownFileType</key>
			<string>sourcecode.swift</string>
			<key>path</key>
			<string>BSCheckBox.swift</string>
			<key>sourceTree</key>
			<string>&lt;group&gt;</string>
		</dict>
		<key>68489F6E1CAD9B2B00360E1C</key>
		<dict>
			<key>fileRef</key>
			<string>68489F6D1CAD9B2B00360E1C</string>
			<key>isa</key>
			<string>PBXBuildFile</string>
		</dict>
		<key>68489F6F1CAD9CB600360E1C</key>
		<dict>
			<key>fileEncoding</key>
			<string>4</string>
			<key>isa</key>
			<string>PBXFileReference</string>
			<key>lastKnownFileType</key>
			<string>sourcecode.swift</string>
			<key>path</key>
			<string>BSTextField.swift</string>
			<key>sourceTree</key>
			<string>&lt;group&gt;</string>
		</dict>
		<key>68489F701CAD9CB600360E1C</key>
		<dict>
			<key>fileRef</key>
			<string>68489F6F1CAD9CB600360E1C</string>
			<key>isa</key>
			<string>PBXBuildFile</string>
		</dict>
		<key>68489F711CADA11900360E1C</key>
		<dict>
			<key>fileEncoding</key>
			<string>4</string>
			<key>isa</key>
			<string>PBXFileReference</string>
			<key>lastKnownFileType</key>
			<string>sourcecode.swift</string>
			<key>path</key>
			<string>BSViewController.swift</string>
			<key>sourceTree</key>
			<string>&lt;group&gt;</string>
		</dict>
		<key>68489F721CADA11900360E1C</key>
		<dict>
			<key>fileRef</key>
			<string>68489F711CADA11900360E1C</string>
			<key>isa</key>
			<string>PBXBuildFile</string>
		</dict>
		<key>68489F731CADA33700360E1C</key>
		<dict>
			<key>children</key>
			<array>
				<string>68ACD2691CAAF78C005859BC</string>
			</array>
			<key>isa</key>
			<string>PBXGroup</string>
			<key>name</key>
			<string>Config</string>
			<key>sourceTree</key>
			<string>&lt;group&gt;</string>
		</dict>
		<key>68489F741CADA3D100360E1C</key>
		<dict>
			<key>children</key>
			<array>
				<string>68ACD2AA1CAB0B9C005859BC</string>
				<string>6855A8CF1CC160A1004F5E25</string>
			</array>
			<key>isa</key>
			<string>PBXGroup</string>
			<key>name</key>
			<string>Login</string>
			<key>sourceTree</key>
			<string>&lt;group&gt;</string>
		</dict>
		<key>6855A8CF1CC160A1004F5E25</key>
		<dict>
			<key>fileEncoding</key>
			<string>4</string>
			<key>isa</key>
			<string>PBXFileReference</string>
			<key>lastKnownFileType</key>
			<string>sourcecode.swift</string>
			<key>path</key>
			<string>BSEditUserViewController.swift</string>
			<key>sourceTree</key>
			<string>&lt;group&gt;</string>
		</dict>
		<key>6855A8D01CC160A1004F5E25</key>
		<dict>
			<key>fileRef</key>
			<string>6855A8CF1CC160A1004F5E25</string>
			<key>isa</key>
			<string>PBXBuildFile</string>
		</dict>
		<key>6863D10F1CAC0FD60078436F</key>
		<dict>
			<key>isa</key>
			<string>PBXFileReference</string>
			<key>lastKnownFileType</key>
			<string>folder.assetcatalog</string>
			<key>path</key>
			<string>Images.xcassets</string>
			<key>sourceTree</key>
			<string>&lt;group&gt;</string>
		</dict>
		<key>6863D1101CAC0FD60078436F</key>
		<dict>
			<key>fileRef</key>
			<string>6863D10F1CAC0FD60078436F</string>
			<key>isa</key>
			<string>PBXBuildFile</string>
		</dict>
		<key>686A13591CAC08FF00C43693</key>
		<dict>
			<key>fileEncoding</key>
			<string>4</string>
			<key>isa</key>
			<string>PBXFileReference</string>
			<key>lastKnownFileType</key>
			<string>file.storyboard</string>
			<key>path</key>
			<string>LaunchScreen.storyboard</string>
			<key>sourceTree</key>
			<string>&lt;group&gt;</string>
		</dict>
		<key>686A135A1CAC08FF00C43693</key>
		<dict>
			<key>fileRef</key>
			<string>686A13591CAC08FF00C43693</string>
			<key>isa</key>
			<string>PBXBuildFile</string>
		</dict>
		<key>68ACD25D1CAAF78C005859BC</key>
		<dict>
			<key>children</key>
			<array>
				<string>68ACD2A01CAB04BB005859BC</string>
				<string>68ACD2681CAAF78C005859BC</string>
				<string>68ACD2671CAAF78C005859BC</string>
				<string>3B7EAFA42D7BACD304A81387</string>
				<string>7BEC21BD50A62A73AD56BFF0</string>
			</array>
			<key>isa</key>
			<string>PBXGroup</string>
			<key>sourceTree</key>
			<string>&lt;group&gt;</string>
		</dict>
		<key>68ACD25E1CAAF78C005859BC</key>
		<dict>
			<key>attributes</key>
			<dict>
				<key>CLASSPREFIX</key>
				<string>BS</string>
				<key>LastSwiftUpdateCheck</key>
				<string>0730</string>
				<key>LastUpgradeCheck</key>
				<string>0730</string>
				<key>ORGANIZATIONNAME</key>
				<string>Juliana Lacerda</string>
				<key>TargetAttributes</key>
				<dict>
					<key>68ACD2651CAAF78C005859BC</key>
					<dict>
						<key>CreatedOnToolsVersion</key>
						<string>7.3</string>
					</dict>
				</dict>
			</dict>
			<key>buildConfigurationList</key>
			<string>68ACD2611CAAF78C005859BC</string>
			<key>compatibilityVersion</key>
			<string>Xcode 3.2</string>
			<key>developmentRegion</key>
			<string>English</string>
			<key>hasScannedForEncodings</key>
			<string>0</string>
			<key>isa</key>
			<string>PBXProject</string>
			<key>knownRegions</key>
			<array>
				<string>en</string>
				<string>Base</string>
			</array>
			<key>mainGroup</key>
			<string>68ACD25D1CAAF78C005859BC</string>
			<key>productRefGroup</key>
			<string>68ACD2671CAAF78C005859BC</string>
			<key>projectDirPath</key>
			<string></string>
			<key>projectReferences</key>
			<array/>
			<key>projectRoot</key>
			<string></string>
			<key>targets</key>
			<array>
				<string>68ACD2651CAAF78C005859BC</string>
			</array>
		</dict>
		<key>68ACD2611CAAF78C005859BC</key>
		<dict>
			<key>buildConfigurations</key>
			<array>
				<string>68ACD28C1CAAF78C005859BC</string>
				<string>68ACD28D1CAAF78C005859BC</string>
			</array>
			<key>defaultConfigurationIsVisible</key>
			<string>0</string>
			<key>defaultConfigurationName</key>
			<string>Release</string>
			<key>isa</key>
			<string>XCConfigurationList</string>
		</dict>
		<key>68ACD2621CAAF78C005859BC</key>
		<dict>
			<key>buildActionMask</key>
			<string>2147483647</string>
			<key>files</key>
			<array>
				<string>6855A8D01CC160A1004F5E25</string>
				<string>68E98A1B1CBC1D7A00D83DE7</string>
				<string>68D4FB241CB42396008BD290</string>
				<string>68B02B0C1CB6A4BA00810A8B</string>
				<string>68B02B131CB82E0400810A8B</string>
				<string>68E98A1D1CBC1EAB00D83DE7</string>
				<string>68E98A211CBD99C000D83DE7</string>
				<string>68489F721CADA11900360E1C</string>
				<string>68489F6E1CAD9B2B00360E1C</string>
				<string>68B02B111CB82ADA00810A8B</string>
				<string>68ACD26A1CAAF78C005859BC</string>
				<string>68B02B0E1CB7F89300810A8B</string>
				<string>68E98A251CBE86C400D83DE7</string>
				<string>68489F701CAD9CB600360E1C</string>
				<string>68ACD2AB1CAB0B9C005859BC</string>
			</array>
			<key>isa</key>
			<string>PBXSourcesBuildPhase</string>
			<key>runOnlyForDeploymentPostprocessing</key>
			<string>0</string>
		</dict>
		<key>68ACD2631CAAF78C005859BC</key>
		<dict>
			<key>buildActionMask</key>
			<string>2147483647</string>
			<key>files</key>
			<array>
				<string>68ACD2A71CAB04DB005859BC</string>
				<string>68ACD2A51CAB04DB005859BC</string>
				<string>68ACD2A61CAB04DB005859BC</string>
				<string>9408A61A93CAA5D5525544A7</string>
				<string>21BF30D6542CCFBD9C6F3EEF</string>
				<string>804CFD40EDDCDE293DB6269D</string>
				<string>47BCC53109769933F1F32B26</string>
				<string>2B92EB096B91C3D259B0E33C</string>
				<string>C6FBB980C3B18C4467D275ED</string>
				<string>E90837C2B3BE9385CE473FCA</string>
				<string>B5217F16E33415F42EE9311F</string>
			</array>
			<key>isa</key>
			<string>PBXFrameworksBuildPhase</string>
			<key>runOnlyForDeploymentPostprocessing</key>
			<string>0</string>
		</dict>
		<key>68ACD2641CAAF78C005859BC</key>
		<dict>
			<key>buildActionMask</key>
			<string>2147483647</string>
			<key>files</key>
			<array>
				<string>686A135A1CAC08FF00C43693</string>
				<string>6863D1101CAC0FD60078436F</string>
				<string>68ACD26F1CAAF78C005859BC</string>
			</array>
			<key>isa</key>
			<string>PBXResourcesBuildPhase</string>
			<key>runOnlyForDeploymentPostprocessing</key>
			<string>0</string>
		</dict>
		<key>68ACD2651CAAF78C005859BC</key>
		<dict>
			<key>buildConfigurationList</key>
			<string>68ACD28E1CAAF78C005859BC</string>
			<key>buildPhases</key>
			<array>
				<string>4DC222442A3B7D1680D430F4</string>
				<string>68ACD2621CAAF78C005859BC</string>
				<string>68ACD2631CAAF78C005859BC</string>
				<string>68ACD2641CAAF78C005859BC</string>
				<string>B7538AE67E157301AF4F389E</string>
				<string>9671FDD5D33763F634419C60</string>
			</array>
			<key>buildRules</key>
			<array/>
			<key>dependencies</key>
			<array/>
			<key>isa</key>
			<string>PBXNativeTarget</string>
			<key>name</key>
			<string>BabySelfie</string>
			<key>productName</key>
			<string>BabySelfie</string>
			<key>productReference</key>
			<string>68ACD2661CAAF78C005859BC</string>
			<key>productType</key>
			<string>com.apple.product-type.application</string>
		</dict>
		<key>68ACD2661CAAF78C005859BC</key>
		<dict>
			<key>explicitFileType</key>
			<string>wrapper.application</string>
			<key>includeInIndex</key>
			<string>0</string>
			<key>isa</key>
			<string>PBXFileReference</string>
			<key>path</key>
			<string>BabySelfie.app</string>
			<key>sourceTree</key>
			<string>BUILT_PRODUCTS_DIR</string>
		</dict>
		<key>68ACD2671CAAF78C005859BC</key>
		<dict>
			<key>children</key>
			<array>
				<string>68ACD2661CAAF78C005859BC</string>
			</array>
			<key>isa</key>
			<string>PBXGroup</string>
			<key>name</key>
			<string>Products</string>
			<key>sourceTree</key>
			<string>&lt;group&gt;</string>
		</dict>
		<key>68ACD2681CAAF78C005859BC</key>
		<dict>
			<key>children</key>
			<array>
				<string>68489F731CADA33700360E1C</string>
				<string>68ACD2AD1CAB0DE0005859BC</string>
				<string>68ACD2981CAAFC1E005859BC</string>
				<string>68ACD26D1CAAF78C005859BC</string>
				<string>686A13591CAC08FF00C43693</string>
				<string>68ACD2AC1CAB0DC2005859BC</string>
			</array>
			<key>isa</key>
			<string>PBXGroup</string>
			<key>path</key>
			<string>BabySelfie</string>
			<key>sourceTree</key>
			<string>&lt;group&gt;</string>
		</dict>
		<key>68ACD2691CAAF78C005859BC</key>
		<dict>
			<key>isa</key>
			<string>PBXFileReference</string>
			<key>lastKnownFileType</key>
			<string>sourcecode.swift</string>
			<key>path</key>
			<string>AppDelegate.swift</string>
			<key>sourceTree</key>
			<string>&lt;group&gt;</string>
		</dict>
		<key>68ACD26A1CAAF78C005859BC</key>
		<dict>
			<key>fileRef</key>
			<string>68ACD2691CAAF78C005859BC</string>
			<key>isa</key>
			<string>PBXBuildFile</string>
		</dict>
		<key>68ACD26D1CAAF78C005859BC</key>
		<dict>
			<key>children</key>
			<array>
				<string>68ACD26E1CAAF78C005859BC</string>
			</array>
			<key>isa</key>
			<string>PBXVariantGroup</string>
			<key>name</key>
			<string>Main.storyboard</string>
			<key>sourceTree</key>
			<string>&lt;group&gt;</string>
		</dict>
		<key>68ACD26E1CAAF78C005859BC</key>
		<dict>
			<key>isa</key>
			<string>PBXFileReference</string>
			<key>lastKnownFileType</key>
			<string>file.storyboard</string>
			<key>name</key>
			<string>Base</string>
			<key>path</key>
			<string>Base.lproj/Main.storyboard</string>
			<key>sourceTree</key>
			<string>&lt;group&gt;</string>
		</dict>
		<key>68ACD26F1CAAF78C005859BC</key>
		<dict>
			<key>fileRef</key>
			<string>68ACD26D1CAAF78C005859BC</string>
			<key>isa</key>
			<string>PBXBuildFile</string>
		</dict>
		<key>68ACD2751CAAF78C005859BC</key>
		<dict>
			<key>isa</key>
			<string>PBXFileReference</string>
			<key>lastKnownFileType</key>
			<string>text.plist.xml</string>
			<key>path</key>
			<string>Info.plist</string>
			<key>sourceTree</key>
			<string>&lt;group&gt;</string>
		</dict>
		<key>68ACD28C1CAAF78C005859BC</key>
		<dict>
			<key>buildSettings</key>
			<dict>
				<key>ALWAYS_SEARCH_USER_PATHS</key>
				<string>NO</string>
				<key>CLANG_ANALYZER_NONNULL</key>
				<string>YES</string>
				<key>CLANG_CXX_LANGUAGE_STANDARD</key>
				<string>gnu++0x</string>
				<key>CLANG_CXX_LIBRARY</key>
				<string>libc++</string>
				<key>CLANG_ENABLE_MODULES</key>
				<string>YES</string>
				<key>CLANG_ENABLE_OBJC_ARC</key>
				<string>YES</string>
				<key>CLANG_WARN_BOOL_CONVERSION</key>
				<string>YES</string>
				<key>CLANG_WARN_CONSTANT_CONVERSION</key>
				<string>YES</string>
				<key>CLANG_WARN_DIRECT_OBJC_ISA_USAGE</key>
				<string>YES_ERROR</string>
				<key>CLANG_WARN_EMPTY_BODY</key>
				<string>YES</string>
				<key>CLANG_WARN_ENUM_CONVERSION</key>
				<string>YES</string>
				<key>CLANG_WARN_INT_CONVERSION</key>
				<string>YES</string>
				<key>CLANG_WARN_OBJC_ROOT_CLASS</key>
				<string>YES_ERROR</string>
				<key>CLANG_WARN_UNREACHABLE_CODE</key>
				<string>YES</string>
				<key>CLANG_WARN__DUPLICATE_METHOD_MATCH</key>
				<string>YES</string>
				<key>CODE_SIGN_IDENTITY[sdk=iphoneos*]</key>
				<string>iPhone Developer</string>
				<key>COPY_PHASE_STRIP</key>
				<string>NO</string>
				<key>DEBUG_INFORMATION_FORMAT</key>
				<string>dwarf</string>
				<key>ENABLE_STRICT_OBJC_MSGSEND</key>
				<string>YES</string>
				<key>ENABLE_TESTABILITY</key>
				<string>YES</string>
				<key>GCC_C_LANGUAGE_STANDARD</key>
				<string>gnu99</string>
				<key>GCC_DYNAMIC_NO_PIC</key>
				<string>NO</string>
				<key>GCC_NO_COMMON_BLOCKS</key>
				<string>YES</string>
				<key>GCC_OPTIMIZATION_LEVEL</key>
				<string>0</string>
				<key>GCC_PREPROCESSOR_DEFINITIONS</key>
				<array>
					<string>DEBUG=1</string>
					<string>$(inherited)</string>
				</array>
				<key>GCC_WARN_64_TO_32_BIT_CONVERSION</key>
				<string>YES</string>
				<key>GCC_WARN_ABOUT_RETURN_TYPE</key>
				<string>YES_ERROR</string>
				<key>GCC_WARN_UNDECLARED_SELECTOR</key>
				<string>YES</string>
				<key>GCC_WARN_UNINITIALIZED_AUTOS</key>
				<string>YES_AGGRESSIVE</string>
				<key>GCC_WARN_UNUSED_FUNCTION</key>
				<string>YES</string>
				<key>GCC_WARN_UNUSED_VARIABLE</key>
				<string>YES</string>
				<key>IPHONEOS_DEPLOYMENT_TARGET</key>
				<string>9.3</string>
				<key>MTL_ENABLE_DEBUG_INFO</key>
				<string>YES</string>
				<key>ONLY_ACTIVE_ARCH</key>
				<string>YES</string>
				<key>SDKROOT</key>
				<string>iphoneos</string>
				<key>SWIFT_OPTIMIZATION_LEVEL</key>
				<string>-Onone</string>
			</dict>
			<key>isa</key>
			<string>XCBuildConfiguration</string>
			<key>name</key>
			<string>Debug</string>
		</dict>
		<key>68ACD28D1CAAF78C005859BC</key>
		<dict>
			<key>buildSettings</key>
			<dict>
				<key>ALWAYS_SEARCH_USER_PATHS</key>
				<string>NO</string>
				<key>CLANG_ANALYZER_NONNULL</key>
				<string>YES</string>
				<key>CLANG_CXX_LANGUAGE_STANDARD</key>
				<string>gnu++0x</string>
				<key>CLANG_CXX_LIBRARY</key>
				<string>libc++</string>
				<key>CLANG_ENABLE_MODULES</key>
				<string>YES</string>
				<key>CLANG_ENABLE_OBJC_ARC</key>
				<string>YES</string>
				<key>CLANG_WARN_BOOL_CONVERSION</key>
				<string>YES</string>
				<key>CLANG_WARN_CONSTANT_CONVERSION</key>
				<string>YES</string>
				<key>CLANG_WARN_DIRECT_OBJC_ISA_USAGE</key>
				<string>YES_ERROR</string>
				<key>CLANG_WARN_EMPTY_BODY</key>
				<string>YES</string>
				<key>CLANG_WARN_ENUM_CONVERSION</key>
				<string>YES</string>
				<key>CLANG_WARN_INT_CONVERSION</key>
				<string>YES</string>
				<key>CLANG_WARN_OBJC_ROOT_CLASS</key>
				<string>YES_ERROR</string>
				<key>CLANG_WARN_UNREACHABLE_CODE</key>
				<string>YES</string>
				<key>CLANG_WARN__DUPLICATE_METHOD_MATCH</key>
				<string>YES</string>
				<key>CODE_SIGN_IDENTITY[sdk=iphoneos*]</key>
				<string>iPhone Developer</string>
				<key>COPY_PHASE_STRIP</key>
				<string>NO</string>
				<key>DEBUG_INFORMATION_FORMAT</key>
				<string>dwarf-with-dsym</string>
				<key>ENABLE_NS_ASSERTIONS</key>
				<string>NO</string>
				<key>ENABLE_STRICT_OBJC_MSGSEND</key>
				<string>YES</string>
				<key>GCC_C_LANGUAGE_STANDARD</key>
				<string>gnu99</string>
				<key>GCC_NO_COMMON_BLOCKS</key>
				<string>YES</string>
				<key>GCC_WARN_64_TO_32_BIT_CONVERSION</key>
				<string>YES</string>
				<key>GCC_WARN_ABOUT_RETURN_TYPE</key>
				<string>YES_ERROR</string>
				<key>GCC_WARN_UNDECLARED_SELECTOR</key>
				<string>YES</string>
				<key>GCC_WARN_UNINITIALIZED_AUTOS</key>
				<string>YES_AGGRESSIVE</string>
				<key>GCC_WARN_UNUSED_FUNCTION</key>
				<string>YES</string>
				<key>GCC_WARN_UNUSED_VARIABLE</key>
				<string>YES</string>
				<key>IPHONEOS_DEPLOYMENT_TARGET</key>
				<string>9.3</string>
				<key>MTL_ENABLE_DEBUG_INFO</key>
				<string>NO</string>
				<key>SDKROOT</key>
				<string>iphoneos</string>
				<key>VALIDATE_PRODUCT</key>
				<string>YES</string>
			</dict>
			<key>isa</key>
			<string>XCBuildConfiguration</string>
			<key>name</key>
			<string>Release</string>
		</dict>
		<key>68ACD28E1CAAF78C005859BC</key>
		<dict>
			<key>buildConfigurations</key>
			<array>
				<string>68ACD28F1CAAF78C005859BC</string>
				<string>68ACD2901CAAF78C005859BC</string>
			</array>
			<key>defaultConfigurationIsVisible</key>
			<string>0</string>
			<key>defaultConfigurationName</key>
			<string>Release</string>
			<key>isa</key>
			<string>XCConfigurationList</string>
		</dict>
		<key>68ACD28F1CAAF78C005859BC</key>
		<dict>
			<key>baseConfigurationReference</key>
			<string>77D2EE52FD8E73010073BB33</string>
			<key>buildSettings</key>
			<dict>
				<key>ASSETCATALOG_COMPILER_APPICON_NAME</key>
				<string>AppIcon</string>
				<key>FRAMEWORK_SEARCH_PATHS</key>
				<array>
					<string>$(inherited)</string>
					<string>$(PROJECT_DIR)/BabySelfie</string>
					<string>$(PROJECT_DIR)</string>
				</array>
				<key>INFOPLIST_FILE</key>
				<string>BabySelfie/Info.plist</string>
				<key>LD_RUNPATH_SEARCH_PATHS</key>
				<string>$(inherited) @executable_path/Frameworks</string>
				<key>LIBRARY_SEARCH_PATHS</key>
				<string>$(inherited)</string>
				<key>ONLY_ACTIVE_ARCH</key>
				<string>YES</string>
				<key>PRODUCT_BUNDLE_IDENTIFIER</key>
				<string>br.com.BabySelfie</string>
				<key>PRODUCT_NAME</key>
				<string>$(TARGET_NAME)</string>
				<key>SWIFT_OBJC_BRIDGING_HEADER</key>
				<string>BabySelfie-Bridging-Header.h</string>
			</dict>
			<key>isa</key>
			<string>XCBuildConfiguration</string>
			<key>name</key>
			<string>Debug</string>
		</dict>
		<key>68ACD2901CAAF78C005859BC</key>
		<dict>
			<key>baseConfigurationReference</key>
			<string>C84379F9829F0589A7FA2EAF</string>
			<key>buildSettings</key>
			<dict>
				<key>ASSETCATALOG_COMPILER_APPICON_NAME</key>
				<string>AppIcon</string>
				<key>FRAMEWORK_SEARCH_PATHS</key>
				<array>
					<string>$(inherited)</string>
					<string>$(PROJECT_DIR)/BabySelfie</string>
					<string>$(PROJECT_DIR)</string>
				</array>
				<key>INFOPLIST_FILE</key>
				<string>BabySelfie/Info.plist</string>
				<key>LD_RUNPATH_SEARCH_PATHS</key>
				<string>$(inherited) @executable_path/Frameworks</string>
				<key>LIBRARY_SEARCH_PATHS</key>
				<string>$(inherited)</string>
				<key>ONLY_ACTIVE_ARCH</key>
				<string>YES</string>
				<key>PRODUCT_BUNDLE_IDENTIFIER</key>
				<string>br.com.BabySelfie</string>
				<key>PRODUCT_NAME</key>
				<string>$(TARGET_NAME)</string>
				<key>SWIFT_OBJC_BRIDGING_HEADER</key>
				<string>BabySelfie-Bridging-Header.h</string>
			</dict>
			<key>isa</key>
			<string>XCBuildConfiguration</string>
			<key>name</key>
			<string>Release</string>
		</dict>
		<key>68ACD2981CAAFC1E005859BC</key>
		<dict>
			<key>children</key>
			<array>
				<string>68E98A1F1CBD999A00D83DE7</string>
				<string>68E98A191CBC1D6300D83DE7</string>
				<string>68B02B0F1CB82AC600810A8B</string>
				<string>68B02B0A1CB6A4A600810A8B</string>
				<string>68D4FB221CB42378008BD290</string>
				<string>68489F741CADA3D100360E1C</string>
				<string>68489F6C1CAD9B0D00360E1C</string>
			</array>
			<key>isa</key>
			<string>PBXGroup</string>
			<key>name</key>
			<string>ViewControllers</string>
			<key>sourceTree</key>
			<string>&lt;group&gt;</string>
		</dict>
		<key>68ACD2A01CAB04BB005859BC</key>
		<dict>
			<key>children</key>
			<array>
				<string>68E98A221CBE869900D83DE7</string>
				<string>68ACD2A11CAB04C1005859BC</string>
			</array>
			<key>isa</key>
			<string>PBXGroup</string>
			<key>name</key>
			<string>Dependencies</string>
			<key>path</key>
			<string>BabySelfie</string>
			<key>sourceTree</key>
			<string>&lt;group&gt;</string>
		</dict>
		<key>68ACD2A11CAB04C1005859BC</key>
		<dict>
			<key>children</key>
			<array>
				<string>68ACD2A21CAB04DB005859BC</string>
				<string>68ACD2A31CAB04DB005859BC</string>
				<string>68ACD2A41CAB04DB005859BC</string>
			</array>
			<key>isa</key>
			<string>PBXGroup</string>
			<key>name</key>
			<string>Facebook</string>
			<key>sourceTree</key>
			<string>&lt;group&gt;</string>
		</dict>
		<key>68ACD2A21CAB04DB005859BC</key>
		<dict>
			<key>isa</key>
			<string>PBXFileReference</string>
			<key>lastKnownFileType</key>
			<string>wrapper.framework</string>
			<key>path</key>
			<string>FBSDKCoreKit.framework</string>
			<key>sourceTree</key>
			<string>&lt;group&gt;</string>
		</dict>
		<key>68ACD2A31CAB04DB005859BC</key>
		<dict>
			<key>isa</key>
			<string>PBXFileReference</string>
			<key>lastKnownFileType</key>
			<string>wrapper.framework</string>
			<key>path</key>
			<string>FBSDKLoginKit.framework</string>
			<key>sourceTree</key>
			<string>&lt;group&gt;</string>
		</dict>
		<key>68ACD2A41CAB04DB005859BC</key>
		<dict>
			<key>isa</key>
			<string>PBXFileReference</string>
			<key>lastKnownFileType</key>
			<string>wrapper.framework</string>
			<key>path</key>
			<string>FBSDKShareKit.framework</string>
			<key>sourceTree</key>
			<string>&lt;group&gt;</string>
		</dict>
		<key>68ACD2A51CAB04DB005859BC</key>
		<dict>
			<key>fileRef</key>
			<string>68ACD2A21CAB04DB005859BC</string>
			<key>isa</key>
			<string>PBXBuildFile</string>
		</dict>
		<key>68ACD2A61CAB04DB005859BC</key>
		<dict>
			<key>fileRef</key>
			<string>68ACD2A31CAB04DB005859BC</string>
			<key>isa</key>
			<string>PBXBuildFile</string>
		</dict>
		<key>68ACD2A71CAB04DB005859BC</key>
		<dict>
			<key>fileRef</key>
			<string>68ACD2A41CAB04DB005859BC</string>
			<key>isa</key>
			<string>PBXBuildFile</string>
		</dict>
		<key>68ACD2AA1CAB0B9C005859BC</key>
		<dict>
			<key>fileEncoding</key>
			<string>4</string>
			<key>isa</key>
			<string>PBXFileReference</string>
			<key>lastKnownFileType</key>
			<string>sourcecode.swift</string>
			<key>path</key>
			<string>BSLoginViewController.swift</string>
			<key>sourceTree</key>
			<string>&lt;group&gt;</string>
		</dict>
		<key>68ACD2AB1CAB0B9C005859BC</key>
		<dict>
			<key>fileRef</key>
			<string>68ACD2AA1CAB0B9C005859BC</string>
			<key>isa</key>
			<string>PBXBuildFile</string>
		</dict>
		<key>68ACD2AC1CAB0DC2005859BC</key>
		<dict>
			<key>children</key>
			<array>
				<string>68ACD2B11CAB1007005859BC</string>
				<string>68ACD2751CAAF78C005859BC</string>
			</array>
			<key>isa</key>
			<string>PBXGroup</string>
			<key>name</key>
			<string>Supporting Files</string>
			<key>sourceTree</key>
			<string>&lt;group&gt;</string>
		</dict>
		<key>68ACD2AD1CAB0DE0005859BC</key>
		<dict>
			<key>children</key>
			<array>
				<string>6863D10F1CAC0FD60078436F</string>
			</array>
			<key>isa</key>
			<string>PBXGroup</string>
			<key>name</key>
			<string>Resources</string>
			<key>sourceTree</key>
			<string>&lt;group&gt;</string>
		</dict>
		<key>68ACD2B11CAB1007005859BC</key>
		<dict>
			<key>isa</key>
			<string>PBXFileReference</string>
			<key>lastKnownFileType</key>
			<string>sourcecode.c.h</string>
			<key>path</key>
			<string>BabySelfie-Bridging-Header.h</string>
			<key>sourceTree</key>
			<string>SOURCE_ROOT</string>
		</dict>
		<key>68B02B0A1CB6A4A600810A8B</key>
		<dict>
			<key>children</key>
			<array>
				<string>68B02B0B1CB6A4BA00810A8B</string>
				<string>68B02B0D1CB7F89300810A8B</string>
			</array>
			<key>isa</key>
			<string>PBXGroup</string>
			<key>name</key>
			<string>TakePicture</string>
			<key>sourceTree</key>
			<string>&lt;group&gt;</string>
		</dict>
		<key>68B02B0B1CB6A4BA00810A8B</key>
		<dict>
			<key>fileEncoding</key>
			<string>4</string>
			<key>isa</key>
			<string>PBXFileReference</string>
			<key>lastKnownFileType</key>
			<string>sourcecode.swift</string>
			<key>path</key>
			<string>BSTakePictureViewController.swift</string>
			<key>sourceTree</key>
			<string>&lt;group&gt;</string>
		</dict>
		<key>68B02B0C1CB6A4BA00810A8B</key>
		<dict>
			<key>fileRef</key>
			<string>68B02B0B1CB6A4BA00810A8B</string>
			<key>isa</key>
			<string>PBXBuildFile</string>
		</dict>
		<key>68B02B0D1CB7F89300810A8B</key>
		<dict>
			<key>fileEncoding</key>
			<string>4</string>
			<key>isa</key>
			<string>PBXFileReference</string>
			<key>lastKnownFileType</key>
			<string>sourcecode.swift</string>
			<key>path</key>
			<string>BSPhotoAlbum.swift</string>
			<key>sourceTree</key>
			<string>&lt;group&gt;</string>
		</dict>
		<key>68B02B0E1CB7F89300810A8B</key>
		<dict>
			<key>fileRef</key>
			<string>68B02B0D1CB7F89300810A8B</string>
			<key>isa</key>
			<string>PBXBuildFile</string>
		</dict>
		<key>68B02B0F1CB82AC600810A8B</key>
		<dict>
			<key>children</key>
			<array>
				<string>68B02B101CB82ADA00810A8B</string>
				<string>68B02B121CB82E0400810A8B</string>
			</array>
			<key>isa</key>
			<string>PBXGroup</string>
			<key>name</key>
			<string>Gallery</string>
			<key>sourceTree</key>
			<string>&lt;group&gt;</string>
		</dict>
		<key>68B02B101CB82ADA00810A8B</key>
		<dict>
			<key>fileEncoding</key>
			<string>4</string>
			<key>isa</key>
			<string>PBXFileReference</string>
			<key>lastKnownFileType</key>
			<string>sourcecode.swift</string>
			<key>path</key>
			<string>BSGalleryViewController.swift</string>
			<key>sourceTree</key>
			<string>&lt;group&gt;</string>
		</dict>
		<key>68B02B111CB82ADA00810A8B</key>
		<dict>
			<key>fileRef</key>
			<string>68B02B101CB82ADA00810A8B</string>
			<key>isa</key>
			<string>PBXBuildFile</string>
		</dict>
		<key>68B02B121CB82E0400810A8B</key>
		<dict>
			<key>fileEncoding</key>
			<string>4</string>
			<key>isa</key>
			<string>PBXFileReference</string>
			<key>lastKnownFileType</key>
			<string>sourcecode.swift</string>
			<key>path</key>
			<string>BSPhotoCollectionViewCell.swift</string>
			<key>sourceTree</key>
			<string>&lt;group&gt;</string>
		</dict>
		<key>68B02B131CB82E0400810A8B</key>
		<dict>
			<key>fileRef</key>
			<string>68B02B121CB82E0400810A8B</string>
			<key>isa</key>
			<string>PBXBuildFile</string>
		</dict>
		<key>68D4FB221CB42378008BD290</key>
		<dict>
			<key>children</key>
			<array>
				<string>68D4FB231CB42396008BD290</string>
			</array>
			<key>isa</key>
			<string>PBXGroup</string>
			<key>name</key>
			<string>Frequence</string>
			<key>sourceTree</key>
			<string>&lt;group&gt;</string>
		</dict>
		<key>68D4FB231CB42396008BD290</key>
		<dict>
			<key>fileEncoding</key>
			<string>4</string>
			<key>isa</key>
			<string>PBXFileReference</string>
			<key>lastKnownFileType</key>
			<string>sourcecode.swift</string>
			<key>path</key>
			<string>BSFrequenceViewController.swift</string>
			<key>sourceTree</key>
			<string>&lt;group&gt;</string>
		</dict>
		<key>68D4FB241CB42396008BD290</key>
		<dict>
			<key>fileRef</key>
			<string>68D4FB231CB42396008BD290</string>
			<key>isa</key>
			<string>PBXBuildFile</string>
		</dict>
		<key>68E98A191CBC1D6300D83DE7</key>
		<dict>
			<key>children</key>
			<array>
				<string>68E98A1A1CBC1D7A00D83DE7</string>
				<string>68E98A1C1CBC1EAB00D83DE7</string>
			</array>
			<key>isa</key>
			<string>PBXGroup</string>
			<key>name</key>
			<string>Menu</string>
			<key>sourceTree</key>
			<string>&lt;group&gt;</string>
		</dict>
		<key>68E98A1A1CBC1D7A00D83DE7</key>
		<dict>
			<key>fileEncoding</key>
			<string>4</string>
			<key>isa</key>
			<string>PBXFileReference</string>
			<key>lastKnownFileType</key>
			<string>sourcecode.swift</string>
			<key>path</key>
			<string>BSMenuViewController.swift</string>
			<key>sourceTree</key>
			<string>&lt;group&gt;</string>
		</dict>
		<key>68E98A1B1CBC1D7A00D83DE7</key>
		<dict>
			<key>fileRef</key>
			<string>68E98A1A1CBC1D7A00D83DE7</string>
			<key>isa</key>
			<string>PBXBuildFile</string>
		</dict>
		<key>68E98A1C1CBC1EAB00D83DE7</key>
		<dict>
			<key>fileEncoding</key>
			<string>4</string>
			<key>isa</key>
			<string>PBXFileReference</string>
			<key>lastKnownFileType</key>
			<string>sourcecode.swift</string>
			<key>path</key>
			<string>BSItemMenuTableViewCell.swift</string>
			<key>sourceTree</key>
			<string>&lt;group&gt;</string>
		</dict>
		<key>68E98A1D1CBC1EAB00D83DE7</key>
		<dict>
			<key>fileRef</key>
			<string>68E98A1C1CBC1EAB00D83DE7</string>
			<key>isa</key>
			<string>PBXBuildFile</string>
		</dict>
		<key>68E98A1F1CBD999A00D83DE7</key>
		<dict>
			<key>children</key>
			<array>
				<string>68E98A201CBD99C000D83DE7</string>
			</array>
			<key>isa</key>
			<string>PBXGroup</string>
			<key>name</key>
			<string>Video</string>
			<key>sourceTree</key>
			<string>&lt;group&gt;</string>
		</dict>
		<key>68E98A201CBD99C000D83DE7</key>
		<dict>
			<key>fileEncoding</key>
			<string>4</string>
			<key>isa</key>
			<string>PBXFileReference</string>
			<key>lastKnownFileType</key>
			<string>sourcecode.swift</string>
			<key>path</key>
			<string>BSVideoViewController.swift</string>
			<key>sourceTree</key>
			<string>&lt;group&gt;</string>
		</dict>
		<key>68E98A211CBD99C000D83DE7</key>
		<dict>
			<key>fileRef</key>
			<string>68E98A201CBD99C000D83DE7</string>
			<key>isa</key>
			<string>PBXBuildFile</string>
		</dict>
		<key>68E98A221CBE869900D83DE7</key>
		<dict>
			<key>children</key>
			<array>
				<string>68E98A231CBE86C400D83DE7</string>
				<string>68E98A241CBE86C400D83DE7</string>
			</array>
			<key>isa</key>
			<string>PBXGroup</string>
			<key>name</key>
			<string>CEMovieMaker</string>
			<key>sourceTree</key>
			<string>&lt;group&gt;</string>
		</dict>
		<key>68E98A231CBE86C400D83DE7</key>
		<dict>
			<key>fileEncoding</key>
			<string>4</string>
			<key>isa</key>
			<string>PBXFileReference</string>
			<key>lastKnownFileType</key>
			<string>sourcecode.c.h</string>
			<key>path</key>
			<string>CEMovieMaker.h</string>
			<key>sourceTree</key>
			<string>&lt;group&gt;</string>
		</dict>
		<key>68E98A241CBE86C400D83DE7</key>
		<dict>
			<key>fileEncoding</key>
			<string>4</string>
			<key>isa</key>
			<string>PBXFileReference</string>
			<key>lastKnownFileType</key>
			<string>sourcecode.c.objc</string>
			<key>path</key>
			<string>CEMovieMaker.m</string>
			<key>sourceTree</key>
			<string>&lt;group&gt;</string>
		</dict>
		<key>68E98A251CBE86C400D83DE7</key>
		<dict>
			<key>fileRef</key>
			<string>68E98A241CBE86C400D83DE7</string>
			<key>isa</key>
			<string>PBXBuildFile</string>
		</dict>
		<key>77D2EE52FD8E73010073BB33</key>
		<dict>
			<key>includeInIndex</key>
			<string>1</string>
			<key>isa</key>
			<string>PBXFileReference</string>
			<key>lastKnownFileType</key>
			<string>text.xcconfig</string>
			<key>name</key>
			<string>Pods.debug.xcconfig</string>
			<key>path</key>
			<string>Pods/Target Support Files/Pods/Pods.debug.xcconfig</string>
			<key>sourceTree</key>
			<string>&lt;group&gt;</string>
		</dict>
		<key>7BEC21BD50A62A73AD56BFF0</key>
		<dict>
			<key>children</key>
			<array>
				<string>77D2EE52FD8E73010073BB33</string>
				<string>C84379F9829F0589A7FA2EAF</string>
			</array>
			<key>isa</key>
			<string>PBXGroup</string>
			<key>name</key>
			<string>Pods</string>
			<key>sourceTree</key>
			<string>&lt;group&gt;</string>
		</dict>
		<key>804CFD40EDDCDE293DB6269D</key>
		<dict>
			<key>fileRef</key>
			<string>40A30391057A9EF636AD522F</string>
			<key>isa</key>
			<string>PBXBuildFile</string>
		</dict>
		<key>8A80913B8AFE975E7FE1D6FC</key>
		<dict>
			<key>explicitFileType</key>
			<string>wrapper.framework</string>
			<key>includeInIndex</key>
			<string>0</string>
			<key>isa</key>
			<string>PBXFileReference</string>
			<key>path</key>
			<string>Pods_BabySelfie.framework</string>
			<key>sourceTree</key>
			<string>BUILT_PRODUCTS_DIR</string>
		</dict>
		<key>92F328C9F66CD8AB051918F4</key>
		<dict>
			<key>isa</key>
			<string>PBXFileReference</string>
			<key>lastKnownFileType</key>
			<string>wrapper.framework</string>
			<key>name</key>
			<string>AssetsLibrary.framework</string>
			<key>path</key>
			<string>System/Library/Frameworks/AssetsLibrary.framework</string>
			<key>sourceTree</key>
			<string>SDKROOT</string>
		</dict>
		<key>9408A61A93CAA5D5525544A7</key>
		<dict>
			<key>fileRef</key>
			<string>8A80913B8AFE975E7FE1D6FC</string>
			<key>isa</key>
			<string>PBXBuildFile</string>
		</dict>
		<key>9671FDD5D33763F634419C60</key>
		<dict>
			<key>buildActionMask</key>
			<string>2147483647</string>
			<key>files</key>
			<array/>
			<key>inputPaths</key>
			<array/>
			<key>isa</key>
			<string>PBXShellScriptBuildPhase</string>
			<key>name</key>
			<string>Copy Pods Resources</string>
			<key>outputPaths</key>
			<array/>
			<key>runOnlyForDeploymentPostprocessing</key>
			<string>0</string>
			<key>shellPath</key>
			<string>/bin/sh</string>
			<key>shellScript</key>
			<string>"${SRCROOT}/Pods/Target Support Files/Pods/Pods-resources.sh"
</string>
			<key>showEnvVarsInLog</key>
			<string>0</string>
		</dict>
		<key>96D90ECAC74BEE3356ABCE3F</key>
		<dict>
			<key>isa</key>
			<string>PBXFileReference</string>
			<key>lastKnownFileType</key>
			<string>wrapper.framework</string>
			<key>name</key>
			<string>SystemConfiguration.framework</string>
			<key>path</key>
			<string>System/Library/Frameworks/SystemConfiguration.framework</string>
			<key>sourceTree</key>
			<string>SDKROOT</string>
		</dict>
		<key>B0B80DCF5487CA7FA583E712</key>
		<dict>
			<key>isa</key>
			<string>PBXFileReference</string>
			<key>lastKnownFileType</key>
			<string>wrapper.framework</string>
			<key>name</key>
			<string>CoreTelephony.framework</string>
			<key>path</key>
			<string>System/Library/Frameworks/CoreTelephony.framework</string>
			<key>sourceTree</key>
			<string>SDKROOT</string>
		</dict>
		<key>B5217F16E33415F42EE9311F</key>
		<dict>
			<key>fileRef</key>
			<string>E75D04A24D1073E8C00AC3EB</string>
			<key>isa</key>
			<string>PBXBuildFile</string>
		</dict>
		<key>B7538AE67E157301AF4F389E</key>
		<dict>
			<key>buildActionMask</key>
			<string>2147483647</string>
			<key>files</key>
			<array/>
			<key>inputPaths</key>
			<array/>
			<key>isa</key>
			<string>PBXShellScriptBuildPhase</string>
			<key>name</key>
			<string>Embed Pods Frameworks</string>
			<key>outputPaths</key>
			<array/>
			<key>runOnlyForDeploymentPostprocessing</key>
			<string>0</string>
			<key>shellPath</key>
			<string>/bin/sh</string>
			<key>shellScript</key>
			<string>"${SRCROOT}/Pods/Target Support Files/Pods/Pods-frameworks.sh"
</string>
			<key>showEnvVarsInLog</key>
			<string>0</string>
		</dict>
		<key>C6FBB980C3B18C4467D275ED</key>
		<dict>
			<key>fileRef</key>
			<string>B0B80DCF5487CA7FA583E712</string>
			<key>isa</key>
			<string>PBXBuildFile</string>
		</dict>
		<key>C84379F9829F0589A7FA2EAF</key>
		<dict>
			<key>includeInIndex</key>
			<string>1</string>
			<key>isa</key>
			<string>PBXFileReference</string>
			<key>lastKnownFileType</key>
			<string>text.xcconfig</string>
			<key>name</key>
			<string>Pods.release.xcconfig</string>
			<key>path</key>
			<string>Pods/Target Support Files/Pods/Pods.release.xcconfig</string>
			<key>sourceTree</key>
			<string>&lt;group&gt;</string>
		</dict>
		<key>E75D04A24D1073E8C00AC3EB</key>
		<dict>
			<key>isa</key>
			<string>PBXFileReference</string>
			<key>lastKnownFileType</key>
			<string>wrapper.framework</string>
			<key>name</key>
			<string>QuartzCore.framework</string>
			<key>path</key>
			<string>System/Library/Frameworks/QuartzCore.framework</string>
			<key>sourceTree</key>
			<string>SDKROOT</string>
		</dict>
		<key>E90837C2B3BE9385CE473FCA</key>
		<dict>
			<key>fileRef</key>
			<string>96D90ECAC74BEE3356ABCE3F</string>
			<key>isa</key>
			<string>PBXBuildFile</string>
		</dict>
	</dict>
	<key>rootObject</key>
	<string>68ACD25E1CAAF78C005859BC</string>
</dict>
</plist>
